
Microsoft Visual Studio Solution File, Format Version 12.00
# Visual Studio Version 16
VisualStudioVersion = 16.0.31727.386
MinimumVisualStudioVersion = 10.0.40219.1
Project("{FAE04EC0-301F-11D3-BF4B-00C04F79EFBC}") = "POSBAR", "POSBAR\POSBAR.csproj", "{A0564F64-BABE-4CF6-87F0-9675BADFF3E4}"
EndProject
Global
	GlobalSection(SolutionConfigurationPlatforms) = preSolution
		Debug|Any CPU = Debug|Any CPU
		Release|Any CPU = Release|Any CPU
	EndGlobalSection
	GlobalSection(ProjectConfigurationPlatforms) = postSolution
		{A0564F64-BABE-4CF6-87F0-9675BADFF3E4}.Debug|Any CPU.ActiveCfg = Debug|Any CPU
		{A0564F64-BABE-4CF6-87F0-9675BADFF3E4}.Debug|Any CPU.Build.0 = Debug|Any CPU
		{A0564F64-BABE-4CF6-87F0-9675BADFF3E4}.Release|Any CPU.ActiveCfg = Release|Any CPU
		{A0564F64-BABE-4CF6-87F0-9675BADFF3E4}.Release|Any CPU.Build.0 = Release|Any CPU
	EndGlobalSection
	GlobalSection(SolutionProperties) = preSolution
		HideSolutionNode = FALSE
	EndGlobalSection
	GlobalSection(ExtensibilityGlobals) = postSolution
		SolutionGuid = {58BD4D9F-0AA6-4EF6-A0CF-4C8B9A02A0C7}
	EndGlobalSection
EndGlobal
